<?xml version="1.0" encoding="utf-8"?>
<Project ToolsVersion="4.0" xmlns="http://schemas.microsoft.com/developer/msbuild/2003">
  <!-- Filters for Project. -->
  <ItemGroup>
    <Filter Include="Resource Files">
      <UniqueIdentifier>{67DA6AB6-F800-4c08-8B7A-83BB121AAD01}</UniqueIdentifier>
      <Extensions>rc;ico;cur;bmp;dlg;rc2;rct;bin;rgs;gif;jpg;jpeg;jpe;resx;tiff;tif;png;wav;mfcribbon-ms</Extensions>
    </Filter>
    <Filter Include="Header Files">
      <UniqueIdentifier>{01d832c7-3dc3-4a5e-9cc6-8648a5ff56d0}</UniqueIdentifier>
    </Filter>
    <Filter Include="Source Files">
      <UniqueIdentifier>{7a5f10a8-3cc9-49f2-8a6e-2d040c0a93af}</UniqueIdentifier>
    </Filter>
    <Filter Include="Source Files\Player">
      <UniqueIdentifier>{99a6cc1a-d0a9-474c-b868-f73dc7c963b4}</UniqueIdentifier>
    </Filter>
    <Filter Include="Source Files\GameMode">
      <UniqueIdentifier>{28d6247a-3d54-4b89-bfe9-b6fb8403489a}</UniqueIdentifier>
    </Filter>
    <Filter Include="Source Files\ProjectGameInstanceSubsystem">
      <UniqueIdentifier>{bfb8399f-2061-4eba-b2a6-7baef58331ed}</UniqueIdentifier>
    </Filter>
  </ItemGroup>
  <ItemGroup>
    <ClInclude Include="framework.h">
      <Filter>Header Files</Filter>
    </ClInclude>
    <ClInclude Include="pch.h">
      <Filter>Header Files</Filter>
    </ClInclude>
    <ClInclude Include="Project.h">
      <Filter>Header Files</Filter>
    </ClInclude>
    <ClInclude Include="Player.h">
      <Filter>Source Files\Player</Filter>
    </ClInclude>
    <ClInclude Include="ProjectGameInstanceSubsystem.h">
      <Filter>Source Files\ProjectGameInstanceSubsystem</Filter>
    </ClInclude>
    <ClInclude Include="ProjectGameMode.h">
      <Filter>Source Files\GameMode</Filter>
    </ClInclude>
  </ItemGroup>
  <ItemGroup>
    <ClCompile Include="dllmain.cpp">
      <Filter>Source Files</Filter>
    </ClCompile>
    <ClCompile Include="pch.cpp">
      <Filter>Source Files</Filter>
    </ClCompile>
    <ClCompile Include="Project.cpp">
      <Filter>Source Files</Filter>
    </ClCompile>
    <ClCompile Include="Player.cpp">
      <Filter>Source Files\Player</Filter>
    </ClCompile>
    <ClCompile Include="ProjectGameMode.cpp">
      <Filter>Source Files\GameMode</Filter>
    </ClCompile>
    <ClCompile Include="ProjectGameInstanceSubsystem.cpp">
      <Filter>Source Files\ProjectGameInstanceSubsystem</Filter>
    </ClCompile>
  </ItemGroup>
</Project>