<?xml version="1.0" encoding="utf-8"?>
<Project ToolsVersion="4.0" xmlns="http://schemas.microsoft.com/developer/msbuild/2003">
  <ItemGroup>
    <Filter Include="Source Files">
      <UniqueIdentifier>{4FC737F1-C7A5-4376-A066-2A32D752A2FF}</UniqueIdentifier>
      <Extensions>cpp;c;cc;cxx;c++;cppm;ixx;def;odl;idl;hpj;bat;asm;asmx</Extensions>
    </Filter>
    <Filter Include="Header Files">
      <UniqueIdentifier>{93995380-89BD-4b04-88EB-625FBE52EBFB}</UniqueIdentifier>
      <Extensions>h;hh;hpp;hxx;h++;hm;inl;inc;ipp;xsd</Extensions>
    </Filter>
    <Filter Include="Resource Files">
      <UniqueIdentifier>{67DA6AB6-F800-4c08-8B7A-83BB121AAD01}</UniqueIdentifier>
      <Extensions>rc;ico;cur;bmp;dlg;rc2;rct;bin;rgs;gif;jpg;jpeg;jpe;resx;tiff;tif;png;wav;mfcribbon-ms</Extensions>
    </Filter>
    <Filter Include="Source Files\Editor ImGui">
      <UniqueIdentifier>{1A8B5321-935A-4E35-86E0-33E86DCF4911}</UniqueIdentifier>
    </Filter>
    <Filter Include="Source Files\ImGui Libraries">
      <UniqueIdentifier>{8920F05F-3540-4139-8393-E1E20AD48E62}</UniqueIdentifier>
    </Filter>
  </ItemGroup>
  <ItemGroup>
    <ClInclude Include="framework.h">
      <Filter>Header Files</Filter>
    </ClInclude>
    <ClInclude Include="targetver.h">
      <Filter>Header Files</Filter>
    </ClInclude>
    <ClInclude Include="Resource.h">
      <Filter>Header Files</Filter>
    </ClInclude>
    <ClInclude Include="Editor.h">
      <Filter>Header Files</Filter>
    </ClInclude>
    <ClInclude Include="EditorImGui.h">
      <Filter>Source Files\Editor ImGui</Filter>
    </ClInclude>
    <ClInclude Include="..\..\..\Engine\ThirdParty\ImGui\imconfig.h">
      <Filter>Source Files\ImGui Libraries</Filter>
    </ClInclude>
    <ClInclude Include="..\..\..\Engine\ThirdParty\ImGui\imgui.h">
      <Filter>Source Files\ImGui Libraries</Filter>
    </ClInclude>
    <ClInclude Include="..\..\..\Engine\ThirdParty\ImGui\imgui_internal.h">
      <Filter>Source Files\ImGui Libraries</Filter>
    </ClInclude>
    <ClInclude Include="..\..\..\Engine\ThirdParty\ImGui\imstb_rectpack.h">
      <Filter>Source Files\ImGui Libraries</Filter>
    </ClInclude>
    <ClInclude Include="..\..\..\Engine\ThirdParty\ImGui\imstb_textedit.h">
      <Filter>Source Files\ImGui Libraries</Filter>
    </ClInclude>
    <ClInclude Include="..\..\..\Engine\ThirdParty\ImGui\imstb_truetype.h">
      <Filter>Source Files\ImGui Libraries</Filter>
    </ClInclude>
    <ClInclude Include="..\..\..\Engine\ThirdParty\ImGui\backends\imgui_impl_dx11.h">
      <Filter>Source Files\ImGui Libraries</Filter>
    </ClInclude>
    <ClInclude Include="..\..\..\Engine\ThirdParty\ImGui\backends\imgui_impl_win32.h">
      <Filter>Source Files\ImGui Libraries</Filter>
    </ClInclude>
  </ItemGroup>
  <ItemGroup>
    <ClCompile Include="main.cpp">
      <Filter>Source Files</Filter>
    </ClCompile>
    <ClCompile Include="EditorImGui.cpp">
      <Filter>Source Files\Editor ImGui</Filter>
    </ClCompile>
    <ClCompile Include="..\..\..\Engine\ThirdParty\ImGui\imgui.cpp">
      <Filter>Source Files\ImGui Libraries</Filter>
    </ClCompile>
    <ClCompile Include="..\..\..\Engine\ThirdParty\ImGui\imgui_draw.cpp">
      <Filter>Source Files\ImGui Libraries</Filter>
    </ClCompile>
    <ClCompile Include="..\..\..\Engine\ThirdParty\ImGui\imgui_tables.cpp">
      <Filter>Source Files\ImGui Libraries</Filter>
    </ClCompile>
    <ClCompile Include="..\..\..\Engine\ThirdParty\ImGui\imgui_widgets.cpp">
      <Filter>Source Files\ImGui Libraries</Filter>
    </ClCompile>
    <ClCompile Include="..\..\..\Engine\ThirdParty\ImGui\backends\imgui_impl_win32.cpp">
      <Filter>Source Files\ImGui Libraries</Filter>
    </ClCompile>
    <ClCompile Include="..\..\..\Engine\ThirdParty\ImGui\backends\imgui_impl_dx11.cpp">
      <Filter>Source Files\ImGui Libraries</Filter>
    </ClCompile>
  </ItemGroup>
  <ItemGroup>
    <ResourceCompile Include="Editor.rc">
      <Filter>Resource Files</Filter>
    </ResourceCompile>
  </ItemGroup>
  <ItemGroup>
    <Image Include="small.ico">
      <Filter>Resource Files</Filter>
    </Image>
    <Image Include="Editor.ico">
      <Filter>Resource Files</Filter>
    </Image>
  </ItemGroup>
</Project>
